<?xml version="1.0" encoding="utf-8"?>
<Project ToolsVersion="4.0" xmlns="http://schemas.microsoft.com/developer/msbuild/2003">
  <ItemGroup>
    <Filter Include="Source Files">
      <UniqueIdentifier>{4FC737F1-C7A5-4376-A066-2A32D752A2FF}</UniqueIdentifier>
      <Extensions>cpp;c;cc;cxx;def;odl;idl;hpj;bat;asm;asmx</Extensions>
    </Filter>
    <Filter Include="Header Files">
      <UniqueIdentifier>{93995380-89BD-4b04-88EB-625FBE52EBFB}</UniqueIdentifier>
      <Extensions>h;hh;hpp;hxx;hm;inl;inc;xsd</Extensions>
    </Filter>
    <Filter Include="Resource Files">
      <UniqueIdentifier>{D9D6E242-F8AF-46E4-B9FD-80ECBC20BA3E}</UniqueIdentifier>
      <Extensions>qrc;*</Extensions>
      <ParseFiles>false</ParseFiles>
    </Filter>
    <Filter Include="Form Files">
      <UniqueIdentifier>{99349809-55BA-4b9d-BF79-8FDBB0286EB3}</UniqueIdentifier>
      <Extensions>ui</Extensions>
    </Filter>
    <Filter Include="Resource Files">
      <UniqueIdentifier>{D9D6E242-F8AF-46E4-B9FD-80ECBC20BA3E}</UniqueIdentifier>
      <Extensions>qrc;*</Extensions>
      <ParseFiles>false</ParseFiles>
    </Filter>
    <Filter Include="demux">
      <UniqueIdentifier>{a81a4e8c-952f-4e68-880a-72f74c568374}</UniqueIdentifier>
    </Filter>
    <Filter Include="decode">
      <UniqueIdentifier>{ad3e8a83-b9f5-4002-8da5-89ed0dc5a5ef}</UniqueIdentifier>
    </Filter>
    <Filter Include="utils">
      <UniqueIdentifier>{61599cf8-5684-4cd6-9efd-c68ed49bd285}</UniqueIdentifier>
    </Filter>
    <Filter Include="audio">
      <UniqueIdentifier>{9cd10fe4-c48e-4d74-bdb9-4b597cf18b87}</UniqueIdentifier>
    </Filter>
    <Filter Include="video">
      <UniqueIdentifier>{f5197c68-d5f8-4053-9def-412cfea65361}</UniqueIdentifier>
    </Filter>
    <Filter Include="ui">
      <UniqueIdentifier>{0e410038-528a-4fef-b0a4-4dad0204f65e}</UniqueIdentifier>
    </Filter>
  </ItemGroup>
  <ItemGroup>
    <ClCompile Include="main.cpp">
      <Filter>Source Files</Filter>
    </ClCompile>
    <ClCompile Include="qfplayer.cpp">
      <Filter>Source Files</Filter>
    </ClCompile>
    <ClCompile Include="demux\QfDemux.cpp">
      <Filter>demux</Filter>
    </ClCompile>
    <ClCompile Include="decode\QfDecode.cpp">
      <Filter>decode</Filter>
    </ClCompile>
    <ClCompile Include="audio\QfResample.cpp">
      <Filter>audio</Filter>
    </ClCompile>
    <ClCompile Include="audio\QfAudioPlay.cpp">
      <Filter>audio</Filter>
    </ClCompile>
    <ClCompile Include="audio\QfAudioThread.cpp">
      <Filter>audio</Filter>
    </ClCompile>
    <ClCompile Include="video\QfVideoThread.cpp">
      <Filter>video</Filter>
    </ClCompile>
    <ClCompile Include="demux\QfDemuxThread.cpp">
      <Filter>demux</Filter>
    </ClCompile>
    <ClCompile Include="decode\QfDecodeThread.cpp">
      <Filter>decode</Filter>
    </ClCompile>
    <ClCompile Include="video\QfVideoWidget.cpp">
      <Filter>video</Filter>
    </ClCompile>
    <ClCompile Include="ui\QfMediaController.cpp">
      <Filter>ui</Filter>
    </ClCompile>
    <ClCompile Include="ui\QfSlider.cpp">
      <Filter>ui</Filter>
    </ClCompile>
  </ItemGroup>
  <ItemGroup>
    <QtMoc Include="qfplayer.h">
      <Filter>Header Files</Filter>
    </QtMoc>
    <QtMoc Include="video\QfVideoWidget.h">
      <Filter>video</Filter>
    </QtMoc>
    <QtMoc Include="ui\QfMediaController.h">
      <Filter>ui</Filter>
    </QtMoc>
    <QtMoc Include="ui\QfSlider.h">
      <Filter>ui</Filter>
    </QtMoc>
  </ItemGroup>
  <ItemGroup>
    <QtUic Include="qfplayer.ui">
      <Filter>Form Files</Filter>
    </QtUic>
    <QtUic Include="ui\QfMediaController.ui">
      <Filter>ui</Filter>
    </QtUic>
  </ItemGroup>
  <ItemGroup>
    <QtRcc Include="qfplayer.qrc">
      <Filter>Resource Files</Filter>
    </QtRcc>
  </ItemGroup>
  <ItemGroup>
    <ClInclude Include="demux\QfDemux.h">
      <Filter>demux</Filter>
    </ClInclude>
    <ClInclude Include="utils\pch.h">
      <Filter>utils</Filter>
    </ClInclude>
    <ClInclude Include="utils\function.h">
      <Filter>utils</Filter>
    </ClInclude>
    <ClInclude Include="decode\QfDecode.h">
      <Filter>decode</Filter>
    </ClInclude>
    <ClInclude Include="audio\QfResample.h">
      <Filter>audio</Filter>
    </ClInclude>
    <ClInclude Include="audio\QfAudioPlay.h">
      <Filter>audio</Filter>
    </ClInclude>
    <ClInclude Include="audio\QfAudioThread.h">
      <Filter>audio</Filter>
    </ClInclude>
    <ClInclude Include="video\QfVideoThread.h">
      <Filter>video</Filter>
    </ClInclude>
    <ClInclude Include="video\QfVideoCallback.h">
      <Filter>video</Filter>
    </ClInclude>
    <ClInclude Include="demux\QfDemuxThread.h">
      <Filter>demux</Filter>
    </ClInclude>
    <ClInclude Include="decode\QfDecodeThread.h">
      <Filter>decode</Filter>
    </ClInclude>
  </ItemGroup>
</Project>